// !$*UTF8*$!
{
	archiveVersion = 1;
	classes = {
	};
	objectVersion = 55;
	objects = {

/* Begin PBXBuildFile section */
		BEC0D34228F316A300EFB3C6 /* AppDelegate.swift in Sources */ = {isa = PBXBuildFile; fileRef = BEC0D34128F316A300EFB3C6 /* AppDelegate.swift */; };
		BEC0D34B28F316A400EFB3C6 /* Assets.xcassets in Resources */ = {isa = PBXBuildFile; fileRef = BEC0D34A28F316A400EFB3C6 /* Assets.xcassets */; };
		BEC0D34E28F316A400EFB3C6 /* LaunchScreen.storyboard in Resources */ = {isa = PBXBuildFile; fileRef = BEC0D34C28F316A400EFB3C6 /* LaunchScreen.storyboard */; };
		BEC0D35C28F31A7B00EFB3C6 /* LandingViewController.swift in Sources */ = {isa = PBXBuildFile; fileRef = BEC0D35B28F31A7B00EFB3C6 /* LandingViewController.swift */; };
		BEC0D35F28F31BB100EFB3C6 /* LandingView.swift in Sources */ = {isa = PBXBuildFile; fileRef = BEC0D35E28F31BB100EFB3C6 /* LandingView.swift */; };
		BEC0D36328F31EE900EFB3C6 /* ViewContainer.swift in Sources */ = {isa = PBXBuildFile; fileRef = BEC0D36228F31EE900EFB3C6 /* ViewContainer.swift */; };
		BEC0D36528F3209B00EFB3C6 /* UIView+Extension.swift in Sources */ = {isa = PBXBuildFile; fileRef = BEC0D36428F3209B00EFB3C6 /* UIView+Extension.swift */; };
/* End PBXBuildFile section */

/* Begin PBXFileReference section */
		BEC0D33E28F316A300EFB3C6 /* UIByCodePOC.app */ = {isa = PBXFileReference; explicitFileType = wrapper.application; includeInIndex = 0; path = UIByCodePOC.app; sourceTree = BUILT_PRODUCTS_DIR; };
		BEC0D34128F316A300EFB3C6 /* AppDelegate.swift */ = {isa = PBXFileReference; lastKnownFileType = sourcecode.swift; path = AppDelegate.swift; sourceTree = "<group>"; };
		BEC0D34A28F316A400EFB3C6 /* Assets.xcassets */ = {isa = PBXFileReference; lastKnownFileType = folder.assetcatalog; path = Assets.xcassets; sourceTree = "<group>"; };
		BEC0D34D28F316A400EFB3C6 /* Base */ = {isa = PBXFileReference; lastKnownFileType = file.storyboard; name = Base; path = Base.lproj/LaunchScreen.storyboard; sourceTree = "<group>"; };
		BEC0D34F28F316A400EFB3C6 /* Info.plist */ = {isa = PBXFileReference; lastKnownFileType = text.plist.xml; path = Info.plist; sourceTree = "<group>"; };
		BEC0D35B28F31A7B00EFB3C6 /* LandingViewController.swift */ = {isa = PBXFileReference; lastKnownFileType = sourcecode.swift; path = LandingViewController.swift; sourceTree = "<group>"; };
		BEC0D35E28F31BB100EFB3C6 /* LandingView.swift */ = {isa = PBXFileReference; lastKnownFileType = sourcecode.swift; path = LandingView.swift; sourceTree = "<group>"; };
		BEC0D36228F31EE900EFB3C6 /* ViewContainer.swift */ = {isa = PBXFileReference; lastKnownFileType = sourcecode.swift; path = ViewContainer.swift; sourceTree = "<group>"; };
		BEC0D36428F3209B00EFB3C6 /* UIView+Extension.swift */ = {isa = PBXFileReference; lastKnownFileType = sourcecode.swift; path = "UIView+Extension.swift"; sourceTree = "<group>"; };
/* End PBXFileReference section */

/* Begin PBXFrameworksBuildPhase section */
		BEC0D33B28F316A300EFB3C6 /* Frameworks */ = {
			isa = PBXFrameworksBuildPhase;
			buildActionMask = 2147483647;
			files = (
			);
			runOnlyForDeploymentPostprocessing = 0;
		};
/* End PBXFrameworksBuildPhase section */

/* Begin PBXGroup section */
		BEC0D33528F316A300EFB3C6 = {
			isa = PBXGroup;
			children = (
				BEC0D34028F316A300EFB3C6 /* UIByCodePOC */,
				BEC0D33F28F316A300EFB3C6 /* Products */,
			);
			sourceTree = "<group>";
		};
		BEC0D33F28F316A300EFB3C6 /* Products */ = {
			isa = PBXGroup;
			children = (
				BEC0D33E28F316A300EFB3C6 /* UIByCodePOC.app */,
			);
			name = Products;
			sourceTree = "<group>";
		};
		BEC0D34028F316A300EFB3C6 /* UIByCodePOC */ = {
			isa = PBXGroup;
			children = (
				BEC0D35528F317F400EFB3C6 /* AppDelegate */,
				BEC0D36028F31EB600EFB3C6 /* PresentationLayer */,
				BEC0D35628F317FF00EFB3C6 /* Resources */,
				BEC0D35728F3181200EFB3C6 /* Storyboards */,
			);
			path = UIByCodePOC;
			sourceTree = "<group>";
		};
		BEC0D35528F317F400EFB3C6 /* AppDelegate */ = {
			isa = PBXGroup;
			children = (
				BEC0D34128F316A300EFB3C6 /* AppDelegate.swift */,
			);
			path = AppDelegate;
			sourceTree = "<group>";
		};
		BEC0D35628F317FF00EFB3C6 /* Resources */ = {
			isa = PBXGroup;
			children = (
				BEC0D34A28F316A400EFB3C6 /* Assets.xcassets */,
				BEC0D34F28F316A400EFB3C6 /* Info.plist */,
			);
			path = Resources;
			sourceTree = "<group>";
		};
		BEC0D35728F3181200EFB3C6 /* Storyboards */ = {
			isa = PBXGroup;
			children = (
				BEC0D34C28F316A400EFB3C6 /* LaunchScreen.storyboard */,
			);
			path = Storyboards;
			sourceTree = "<group>";
		};
		BEC0D35828F31A5800EFB3C6 /* Scenes */ = {
			isa = PBXGroup;
			children = (
				BEC0D36128F31ED100EFB3C6 /* Common */,
				BEC0D35928F31A6100EFB3C6 /* Landing */,
			);
			path = Scenes;
			sourceTree = "<group>";
		};
		BEC0D35928F31A6100EFB3C6 /* Landing */ = {
			isa = PBXGroup;
			children = (
				BEC0D35D28F31B9D00EFB3C6 /* View */,
				BEC0D35B28F31A7B00EFB3C6 /* LandingViewController.swift */,
			);
			path = Landing;
			sourceTree = "<group>";
		};
		BEC0D35D28F31B9D00EFB3C6 /* View */ = {
			isa = PBXGroup;
			children = (
				BEC0D35E28F31BB100EFB3C6 /* LandingView.swift */,
			);
			path = View;
			sourceTree = "<group>";
		};
		BEC0D36028F31EB600EFB3C6 /* PresentationLayer */ = {
			isa = PBXGroup;
			children = (
				BEC0D35828F31A5800EFB3C6 /* Scenes */,
			);
			path = PresentationLayer;
			sourceTree = "<group>";
		};
		BEC0D36128F31ED100EFB3C6 /* Common */ = {
			isa = PBXGroup;
			children = (
				BEC0D36228F31EE900EFB3C6 /* ViewContainer.swift */,
				BEC0D36428F3209B00EFB3C6 /* UIView+Extension.swift */,
			);
			path = Common;
			sourceTree = "<group>";
		};
/* End PBXGroup section */

/* Begin PBXNativeTarget section */
		BEC0D33D28F316A300EFB3C6 /* UIByCodePOC */ = {
			isa = PBXNativeTarget;
			buildConfigurationList = BEC0D35228F316A400EFB3C6 /* Build configuration list for PBXNativeTarget "UIByCodePOC" */;
			buildPhases = (
				BEC0D33A28F316A300EFB3C6 /* Sources */,
				BEC0D33B28F316A300EFB3C6 /* Frameworks */,
				BEC0D33C28F316A300EFB3C6 /* Resources */,
			);
			buildRules = (
			);
			dependencies = (
			);
			name = UIByCodePOC;
			productName = UIByCodePOC;
			productReference = BEC0D33E28F316A300EFB3C6 /* UIByCodePOC.app */;
			productType = "com.apple.product-type.application";
		};
/* End PBXNativeTarget section */

/* Begin PBXProject section */
		BEC0D33628F316A300EFB3C6 /* Project object */ = {
			isa = PBXProject;
			attributes = {
				BuildIndependentTargetsInParallel = 1;
				LastSwiftUpdateCheck = 1340;
				LastUpgradeCheck = 1340;
				TargetAttributes = {
					BEC0D33D28F316A300EFB3C6 = {
						CreatedOnToolsVersion = 13.4.1;
					};
				};
			};
			buildConfigurationList = BEC0D33928F316A300EFB3C6 /* Build configuration list for PBXProject "UIByCodePOC" */;
			compatibilityVersion = "Xcode 13.0";
			developmentRegion = en;
			hasScannedForEncodings = 0;
			knownRegions = (
				en,
				Base,
			);
			mainGroup = BEC0D33528F316A300EFB3C6;
			productRefGroup = BEC0D33F28F316A300EFB3C6 /* Products */;
			projectDirPath = "";
			projectRoot = "";
			targets = (
				BEC0D33D28F316A300EFB3C6 /* UIByCodePOC */,
			);
		};
/* End PBXProject section */

/* Begin PBXResourcesBuildPhase section */
		BEC0D33C28F316A300EFB3C6 /* Resources */ = {
			isa = PBXResourcesBuildPhase;
			buildActionMask = 2147483647;
			files = (
				BEC0D34E28F316A400EFB3C6 /* LaunchScreen.storyboard in Resources */,
				BEC0D34B28F316A400EFB3C6 /* Assets.xcassets in Resources */,
			);
			runOnlyForDeploymentPostprocessing = 0;
		};
/* End PBXResourcesBuildPhase section */

/* Begin PBXSourcesBuildPhase section */
		BEC0D33A28F316A300EFB3C6 /* Sources */ = {
			isa = PBXSourcesBuildPhase;
			buildActionMask = 2147483647;
			files = (
				BEC0D36328F31EE900EFB3C6 /* ViewContainer.swift in Sources */,
				BEC0D35F28F31BB100EFB3C6 /* LandingView.swift in Sources */,
				BEC0D35C28F31A7B00EFB3C6 /* LandingViewController.swift in Sources */,
				BEC0D36528F3209B00EFB3C6 /* UIView+Extension.swift in Sources */,
				BEC0D34228F316A300EFB3C6 /* AppDelegate.swift in Sources */,
			);
			runOnlyForDeploymentPostprocessing = 0;
		};
/* End PBXSourcesBuildPhase section */

/* Begin PBXVariantGroup section */
		BEC0D34C28F316A400EFB3C6 /* LaunchScreen.storyboard */ = {
			isa = PBXVariantGroup;
			children = (
				BEC0D34D28F316A400EFB3C6 /* Base */,
			);
			name = LaunchScreen.storyboard;
			sourceTree = "<group>";
		};
/* End PBXVariantGroup section */

/* Begin XCBuildConfiguration section */
		BEC0D35028F316A400EFB3C6 /* Debug */ = {
			isa = XCBuildConfiguration;
			buildSettings = {
				ALWAYS_SEARCH_USER_PATHS = NO;
				CLANG_ANALYZER_NONNULL = YES;
				CLANG_ANALYZER_NUMBER_OBJECT_CONVERSION = YES_AGGRESSIVE;
				CLANG_CXX_LANGUAGE_STANDARD = "gnu++17";
				CLANG_ENABLE_MODULES = YES;
				CLANG_ENABLE_OBJC_ARC = YES;
				CLANG_ENABLE_OBJC_WEAK = YES;
				CLANG_WARN_BLOCK_CAPTURE_AUTORELEASING = YES;
				CLANG_WARN_BOOL_CONVERSION = YES;
				CLANG_WARN_COMMA = YES;
				CLANG_WARN_CONSTANT_CONVERSION = YES;
				CLANG_WARN_DEPRECATED_OBJC_IMPLEMENTATIONS = YES;
				CLANG_WARN_DIRECT_OBJC_ISA_USAGE = YES_ERROR;
				CLANG_WARN_DOCUMENTATION_COMMENTS = YES;
				CLANG_WARN_EMPTY_BODY = YES;
				CLANG_WARN_ENUM_CONVERSION = YES;
				CLANG_WARN_INFINITE_RECURSION = YES;
				CLANG_WARN_INT_CONVERSION = YES;
				CLANG_WARN_NON_LITERAL_NULL_CONVERSION = YES;
				CLANG_WARN_OBJC_IMPLICIT_RETAIN_SELF = YES;
				CLANG_WARN_OBJC_LITERAL_CONVERSION = YES;
				CLANG_WARN_OBJC_ROOT_CLASS = YES_ERROR;
				CLANG_WARN_QUOTED_INCLUDE_IN_FRAMEWORK_HEADER = YES;
				CLANG_WARN_RANGE_LOOP_ANALYSIS = YES;
				CLANG_WARN_STRICT_PROTOTYPES = YES;
				CLANG_WARN_SUSPICIOUS_MOVE = YES;
				CLANG_WARN_UNGUARDED_AVAILABILITY = YES_AGGRESSIVE;
				CLANG_WARN_UNREACHABLE_CODE = YES;
				CLANG_WARN__DUPLICATE_METHOD_MATCH = YES;
				COPY_PHASE_STRIP = NO;
				DEBUG_INFORMATION_FORMAT = dwarf;
				ENABLE_STRICT_OBJC_MSGSEND = YES;
				ENABLE_TESTABILITY = YES;
				GCC_C_LANGUAGE_STANDARD = gnu11;
				GCC_DYNAMIC_NO_PIC = NO;
				GCC_NO_COMMON_BLOCKS = YES;
				GCC_OPTIMIZATION_LEVEL = 0;
				GCC_PREPROCESSOR_DEFINITIONS = (
					"DEBUG=1",
					"$(inherited)",
				);
				GCC_WARN_64_TO_32_BIT_CONVERSION = YES;
				GCC_WARN_ABOUT_RETURN_TYPE = YES_ERROR;
				GCC_WARN_UNDECLARED_SELECTOR = YES;
				GCC_WARN_UNINITIALIZED_AUTOS = YES_AGGRESSIVE;
				GCC_WARN_UNUSED_FUNCTION = YES;
				GCC_WARN_UNUSED_VARIABLE = YES;
				IPHONEOS_DEPLOYMENT_TARGET = 15.5;
				MTL_ENABLE_DEBUG_INFO = INCLUDE_SOURCE;
				MTL_FAST_MATH = YES;
				ONLY_ACTIVE_ARCH = YES;
				SDKROOT = iphoneos;
				SWIFT_ACTIVE_COMPILATION_CONDITIONS = DEBUG;
				SWIFT_OPTIMIZATION_LEVEL = "-Onone";
			};
			name = Debug;
		};
		BEC0D35128F316A400EFB3C6 /* Release */ = {
			isa = XCBuildConfiguration;
			buildSettings = {
				ALWAYS_SEARCH_USER_PATHS = NO;
				CLANG_ANALYZER_NONNULL = YES;
				CLANG_ANALYZER_NUMBER_OBJECT_CONVERSION = YES_AGGRESSIVE;
				CLANG_CXX_LANGUAGE_STANDARD = "gnu++17";
				CLANG_ENABLE_MODULES = YES;
				CLANG_ENABLE_OBJC_ARC = YES;
				CLANG_ENABLE_OBJC_WEAK = YES;
				CLANG_WARN_BLOCK_CAPTURE_AUTORELEASING = YES;
				CLANG_WARN_BOOL_CONVERSION = YES;
				CLANG_WARN_COMMA = YES;
				CLANG_WARN_CONSTANT_CONVERSION = YES;
				CLANG_WARN_DEPRECATED_OBJC_IMPLEMENTATIONS = YES;
				CLANG_WARN_DIRECT_OBJC_ISA_USAGE = YES_ERROR;
				CLANG_WARN_DOCUMENTATION_COMMENTS = YES;
				CLANG_WARN_EMPTY_BODY = YES;
				CLANG_WARN_ENUM_CONVERSION = YES;
				CLANG_WARN_INFINITE_RECURSION = YES;
				CLANG_WARN_INT_CONVERSION = YES;
				CLANG_WARN_NON_LITERAL_NULL_CONVERSION = YES;
				CLANG_WARN_OBJC_IMPLICIT_RETAIN_SELF = YES;
				CLANG_WARN_OBJC_LITERAL_CONVERSION = YES;
				CLANG_WARN_OBJC_ROOT_CLASS = YES_ERROR;
				CLANG_WARN_QUOTED_INCLUDE_IN_FRAMEWORK_HEADER = YES;
				CLANG_WARN_RANGE_LOOP_ANALYSIS = YES;
				CLANG_WARN_STRICT_PROTOTYPES = YES;
				CLANG_WARN_SUSPICIOUS_MOVE = YES;
				CLANG_WARN_UNGUARDED_AVAILABILITY = YES_AGGRESSIVE;
				CLANG_WARN_UNREACHABLE_CODE = YES;
				CLANG_WARN__DUPLICATE_METHOD_MATCH = YES;
				COPY_PHASE_STRIP = NO;
				DEBUG_INFORMATION_FORMAT = "dwarf-with-dsym";
				ENABLE_NS_ASSERTIONS = NO;
				ENABLE_STRICT_OBJC_MSGSEND = YES;
				GCC_C_LANGUAGE_STANDARD = gnu11;
				GCC_NO_COMMON_BLOCKS = YES;
				GCC_WARN_64_TO_32_BIT_CONVERSION = YES;
				GCC_WARN_ABOUT_RETURN_TYPE = YES_ERROR;
				GCC_WARN_UNDECLARED_SELECTOR = YES;
				GCC_WARN_UNINITIALIZED_AUTOS = YES_AGGRESSIVE;
				GCC_WARN_UNUSED_FUNCTION = YES;
				GCC_WARN_UNUSED_VARIABLE = YES;
				IPHONEOS_DEPLOYMENT_TARGET = 15.5;
				MTL_ENABLE_DEBUG_INFO = NO;
				MTL_FAST_MATH = YES;
				SDKROOT = iphoneos;
				SWIFT_COMPILATION_MODE = wholemodule;
				SWIFT_OPTIMIZATION_LEVEL = "-O";
				VALIDATE_PRODUCT = YES;
			};
			name = Release;
		};
		BEC0D35328F316A400EFB3C6 /* Debug */ = {
			isa = XCBuildConfiguration;
			buildSettings = {
				ASSETCATALOG_COMPILER_APPICON_NAME = AppIcon;
				ASSETCATALOG_COMPILER_GLOBAL_ACCENT_COLOR_NAME = AccentColor;
				CODE_SIGN_STYLE = Automatic;
				CURRENT_PROJECT_VERSION = 1;
				DEVELOPMENT_TEAM = VRQ6H42Z38;
				GENERATE_INFOPLIST_FILE = YES;
				INFOPLIST_FILE = UIByCodePOC/Resources/Info.plist;
				INFOPLIST_KEY_UIApplicationSupportsIndirectInputEvents = YES;
				INFOPLIST_KEY_UILaunchStoryboardName = LaunchScreen;
				INFOPLIST_KEY_UISupportedInterfaceOrientations_iPad = "UIInterfaceOrientationPortrait UIInterfaceOrientationPortraitUpsideDown UIInterfaceOrientationLandscapeLeft UIInterfaceOrientationLandscapeRight";
				INFOPLIST_KEY_UISupportedInterfaceOrientations_iPhone = "UIInterfaceOrientationPortrait UIInterfaceOrientationLandscapeLeft UIInterfaceOrientationLandscapeRight";
				LD_RUNPATH_SEARCH_PATHS = (
					"$(inherited)",
					"@executable_path/Frameworks",
				);
				MARKETING_VERSION = 1.0;
				PRODUCT_BUNDLE_IDENTIFIER = com.rajanand.UIByCodePOC;
				PRODUCT_NAME = "$(TARGET_NAME)";
				SWIFT_EMIT_LOC_STRINGS = YES;
				SWIFT_VERSION = 5.0;
				TARGETED_DEVICE_FAMILY = "1,2";
			};
			name = Debug;
		};
		BEC0D35428F316A400EFB3C6 /* Release */ = {
			isa = XCBuildConfiguration;
			buildSettings = {
				ASSETCATALOG_COMPILER_APPICON_NAME = AppIcon;
				ASSETCATALOG_COMPILER_GLOBAL_ACCENT_COLOR_NAME = AccentColor;
				CODE_SIGN_STYLE = Automatic;
				CURRENT_PROJECT_VERSION = 1;
				DEVELOPMENT_TEAM = VRQ6H42Z38;
				GENERATE_INFOPLIST_FILE = YES;
				INFOPLIST_FILE = UIByCodePOC/Resources/Info.plist;
				INFOPLIST_KEY_UIApplicationSupportsIndirectInputEvents = YES;
				INFOPLIST_KEY_UILaunchStoryboardName = LaunchScreen;
				INFOPLIST_KEY_UISupportedInterfaceOrientations_iPad = "UIInterfaceOrientationPortrait UIInterfaceOrientationPortraitUpsideDown UIInterfaceOrientationLandscapeLeft UIInterfaceOrientationLandscapeRight";
				INFOPLIST_KEY_UISupportedInterfaceOrientations_iPhone = "UIInterfaceOrientationPortrait UIInterfaceOrientationLandscapeLeft UIInterfaceOrientationLandscapeRight";
				LD_RUNPATH_SEARCH_PATHS = (
					"$(inherited)",
					"@executable_path/Frameworks",
				);
				MARKETING_VERSION = 1.0;
				PRODUCT_BUNDLE_IDENTIFIER = com.rajanand.UIByCodePOC;
				PRODUCT_NAME = "$(TARGET_NAME)";
				SWIFT_EMIT_LOC_STRINGS = YES;
				SWIFT_VERSION = 5.0;
				TARGETED_DEVICE_FAMILY = "1,2";
			};
			name = Release;
		};
/* End XCBuildConfiguration section */

/* Begin XCConfigurationList section */
		BEC0D33928F316A300EFB3C6 /* Build configuration list for PBXProject "UIByCodePOC" */ = {
			isa = XCConfigurationList;
			buildConfigurations = (
				BEC0D35028F316A400EFB3C6 /* Debug */,
				BEC0D35128F316A400EFB3C6 /* Release */,
			);
			defaultConfigurationIsVisible = 0;
			defaultConfigurationName = Release;
		};
		BEC0D35228F316A400EFB3C6 /* Build configuration list for PBXNativeTarget "UIByCodePOC" */ = {
			isa = XCConfigurationList;
			buildConfigurations = (
				BEC0D35328F316A400EFB3C6 /* Debug */,
				BEC0D35428F316A400EFB3C6 /* Release */,
			);
			defaultConfigurationIsVisible = 0;
			defaultConfigurationName = Release;
		};
/* End XCConfigurationList section */
	};
	rootObject = BEC0D33628F316A300EFB3C6 /* Project object */;
}
